
Microsoft Visual Studio Solution File, Format Version 11.00
# Visual Studio 2010
Project("{FAE04EC0-301F-11D3-BF4B-00C04F79EFBC}") = "GestionEtudiant", "GestionEtudiant\GestionEtudiant.csproj", "{BBC1B15D-8C59-432B-85A6-A3745D6DB348}"
EndProject
Global
	GlobalSection(SolutionConfigurationPlatforms) = preSolution
		Debug|x86 = Debug|x86
		Release|x86 = Release|x86
	EndGlobalSection
	GlobalSection(ProjectConfigurationPlatforms) = postSolution
		{BBC1B15D-8C59-432B-85A6-A3745D6DB348}.Debug|x86.ActiveCfg = Debug|x86
		{BBC1B15D-8C59-432B-85A6-A3745D6DB348}.Debug|x86.Build.0 = Debug|x86
		{BBC1B15D-8C59-432B-85A6-A3745D6DB348}.Release|x86.ActiveCfg = Release|x86
		{BBC1B15D-8C59-432B-85A6-A3745D6DB348}.Release|x86.Build.0 = Release|x86
	EndGlobalSection
	GlobalSection(SolutionProperties) = preSolution
		HideSolutionNode = FALSE
	EndGlobalSection
EndGlobal
